
Microsoft Visual Studio Solution File, Format Version 12.00
# Visual Studio Version 17
VisualStudioVersion = 17.0.31903.59
MinimumVisualStudioVersion = 10.0.40219.1
Project("{FAE04EC0-301F-11D3-BF4B-00C04F79EFBC}") = "BuberBreakfast", "BuberBreakfast\BuberBreakfast.csproj", "{7F6E672A-DC55-4F1B-9909-4FF1A6B65906}"
EndProject
Project("{FAE04EC0-301F-11D3-BF4B-00C04F79EFBC}") = "BuberBreakfast.Contracts", "BuberBreakfast.Contracts\BuberBreakfast.Contracts.csproj", "{E7729580-2B1D-42DF-9F5C-E5F6AD32B6E2}"
EndProject
Global
	GlobalSection(SolutionConfigurationPlatforms) = preSolution
		Debug|Any CPU = Debug|Any CPU
		Release|Any CPU = Release|Any CPU
	EndGlobalSection
	GlobalSection(SolutionProperties) = preSolution
		HideSolutionNode = FALSE
	EndGlobalSection
	GlobalSection(ProjectConfigurationPlatforms) = postSolution
		{7F6E672A-DC55-4F1B-9909-4FF1A6B65906}.Debug|Any CPU.ActiveCfg = Debug|Any CPU
		{7F6E672A-DC55-4F1B-9909-4FF1A6B65906}.Debug|Any CPU.Build.0 = Debug|Any CPU
		{7F6E672A-DC55-4F1B-9909-4FF1A6B65906}.Release|Any CPU.ActiveCfg = Release|Any CPU
		{7F6E672A-DC55-4F1B-9909-4FF1A6B65906}.Release|Any CPU.Build.0 = Release|Any CPU
		{E7729580-2B1D-42DF-9F5C-E5F6AD32B6E2}.Debug|Any CPU.ActiveCfg = Debug|Any CPU
		{E7729580-2B1D-42DF-9F5C-E5F6AD32B6E2}.Debug|Any CPU.Build.0 = Debug|Any CPU
		{E7729580-2B1D-42DF-9F5C-E5F6AD32B6E2}.Release|Any CPU.ActiveCfg = Release|Any CPU
		{E7729580-2B1D-42DF-9F5C-E5F6AD32B6E2}.Release|Any CPU.Build.0 = Release|Any CPU
	EndGlobalSection
EndGlobal
